{
  "name": "biosentiers-frontend",
  "version": "0.1.0",
  "dependencies": {
    "@angular/common": {
      "version": "4.1.2",
      "from": "@angular/common@>=4.1.2 <5.0.0",
      "resolved": "https://registry.npmjs.org/@angular/common/-/common-4.1.2.tgz"
    },
    "@angular/compiler": {
      "version": "4.1.2",
      "from": "@angular/compiler@>=4.1.2 <5.0.0",
      "resolved": "https://registry.npmjs.org/@angular/compiler/-/compiler-4.1.2.tgz"
    },
    "@angular/core": {
      "version": "4.1.2",
      "from": "@angular/core@>=4.1.2 <5.0.0",
      "resolved": "https://registry.npmjs.org/@angular/core/-/core-4.1.2.tgz"
    },
    "@angular/forms": {
      "version": "4.1.2",
      "from": "@angular/forms@>=4.1.2 <5.0.0",
      "resolved": "https://registry.npmjs.org/@angular/forms/-/forms-4.1.2.tgz"
    },
    "@angular/http": {
      "version": "4.1.2",
      "from": "@angular/http@>=4.1.2 <5.0.0",
      "resolved": "https://registry.npmjs.org/@angular/http/-/http-4.1.2.tgz"
    },
    "@angular/platform-browser": {
      "version": "4.1.2",
      "from": "@angular/platform-browser@>=4.1.2 <5.0.0",
      "resolved": "https://registry.npmjs.org/@angular/platform-browser/-/platform-browser-4.1.2.tgz"
    },
    "@angular/platform-browser-dynamic": {
      "version": "4.1.2",
      "from": "@angular/platform-browser-dynamic@>=4.1.2 <5.0.0",
      "resolved": "https://registry.npmjs.org/@angular/platform-browser-dynamic/-/platform-browser-dynamic-4.1.2.tgz"
    },
    "@angular/router": {
      "version": "4.1.2",
      "from": "@angular/router@>=4.1.2 <5.0.0",
      "resolved": "https://registry.npmjs.org/@angular/router/-/router-4.1.2.tgz"
    },
    "@asymmetrik/angular2-leaflet": {
      "version": "2.1.4",
      "from": "@asymmetrik/angular2-leaflet@>=2.1.3 <3.0.0",
      "resolved": "https://registry.npmjs.org/@asymmetrik/angular2-leaflet/-/angular2-leaflet-2.1.4.tgz"
    },
    "@mediacomem/biosentiers-qrcode": {
      "version": "2.1.2",
      "from": "@mediacomem/biosentiers-qrcode@>=2.1.2 <3.0.0",
      "resolved": "https://registry.npmjs.org/@mediacomem/biosentiers-qrcode/-/biosentiers-qrcode-2.1.2.tgz"
    },
    "@types/geojson": {
      "version": "1.0.2",
      "from": "@types/geojson@*",
      "resolved": "https://registry.npmjs.org/@types/geojson/-/geojson-1.0.2.tgz"
    },
    "@types/leaflet": {
      "version": "1.0.60",
      "from": "@types/leaflet@>=1.0.60 <2.0.0",
      "resolved": "https://registry.npmjs.org/@types/leaflet/-/leaflet-1.0.60.tgz"
    },
    "@types/lodash": {
      "version": "4.14.64",
      "from": "@types/lodash@>=4.14.64 <5.0.0",
      "resolved": "https://registry.npmjs.org/@types/lodash/-/lodash-4.14.64.tgz"
    },
    "angular2-select": {
      "version": "1.0.0-beta.3",
      "from": "angular2-select@>=1.0.0-beta.3 <2.0.0",
      "resolved": "https://registry.npmjs.org/angular2-select/-/angular2-select-1.0.0-beta.3.tgz"
    },
    "bignumber.js": {
      "version": "4.0.2",
      "from": "bignumber.js@>=4.0.1 <5.0.0",
      "resolved": "https://registry.npmjs.org/bignumber.js/-/bignumber.js-4.0.2.tgz"
    },
    "bootstrap": {
      "version": "3.3.7",
      "from": "bootstrap@>=3.3.7 <4.0.0",
      "resolved": "https://registry.npmjs.org/bootstrap/-/bootstrap-3.3.7.tgz"
    },
    "colors": {
      "version": "1.1.2",
      "from": "colors@*",
      "resolved": "https://registry.npmjs.org/colors/-/colors-1.1.2.tgz"
    },
    "core-js": {
      "version": "2.4.1",
      "from": "core-js@>=2.4.1 <3.0.0",
      "resolved": "https://registry.npmjs.org/core-js/-/core-js-2.4.1.tgz"
    },
    "dijkstrajs": {
      "version": "1.0.1",
      "from": "dijkstrajs@>=1.0.1 <2.0.0",
      "resolved": "https://registry.npmjs.org/dijkstrajs/-/dijkstrajs-1.0.1.tgz"
    },
    "isarray": {
      "version": "2.0.1",
      "from": "isarray@>=2.0.1 <3.0.0",
      "resolved": "https://registry.npmjs.org/isarray/-/isarray-2.0.1.tgz"
    },
    "leaflet": {
      "version": "1.0.3",
      "from": "leaflet@>=1.0.3 <2.0.0",
      "resolved": "https://registry.npmjs.org/leaflet/-/leaflet-1.0.3.tgz"
    },
    "lodash": {
      "version": "4.17.4",
      "from": "lodash@>=4.17.4 <5.0.0",
      "resolved": "https://registry.npmjs.org/lodash/-/lodash-4.17.4.tgz"
    },
    "moment": {
      "version": "2.18.1",
      "from": "moment@>=2.17.1 <3.0.0",
      "resolved": "https://registry.npmjs.org/moment/-/moment-2.18.1.tgz"
    },
    "ng-request-builder": {
      "version": "0.2.2",
      "from": "ng-request-builder@>=0.2.2 <0.3.0",
      "resolved": "file:dist"
    },
    "ngx-bootstrap": {
      "version": "1.6.6",
      "from": "ngx-bootstrap@>=1.6.6 <2.0.0",
      "resolved": "https://registry.npmjs.org/ngx-bootstrap/-/ngx-bootstrap-1.6.6.tgz"
    },
    "ngx-mydatepicker": {
      "version": "2.0.4",
      "from": "ngx-mydatepicker@>=2.0.4 <3.0.0",
      "resolved": "https://registry.npmjs.org/ngx-mydatepicker/-/ngx-mydatepicker-2.0.4.tgz"
    },
    "pngjs": {
      "version": "2.3.1",
      "from": "pngjs@>=2.3.1 <3.0.0",
      "resolved": "https://registry.npmjs.org/pngjs/-/pngjs-2.3.1.tgz"
    },
    "qrcode": {
      "version": "0.8.1",
      "from": "qrcode@>=0.8.1 <0.9.0",
      "resolved": "https://registry.npmjs.org/qrcode/-/qrcode-0.8.1.tgz"
    },
    "rxjs": {
      "version": "5.4.0",
      "from": "rxjs@>=5.0.1 <6.0.0",
      "resolved": "https://registry.npmjs.org/rxjs/-/rxjs-5.4.0.tgz"
    },
    "symbol-observable": {
      "version": "1.0.4",
      "from": "symbol-observable@>=1.0.1 <2.0.0",
      "resolved": "https://registry.npmjs.org/symbol-observable/-/symbol-observable-1.0.4.tgz"
    },
    "ts-helpers": {
      "version": "1.1.2",
      "from": "ts-helpers@>=1.1.1 <2.0.0",
      "resolved": "https://registry.npmjs.org/ts-helpers/-/ts-helpers-1.1.2.tgz"
    },
    "zone.js": {
      "version": "0.8.10",
      "from": "zone.js@>=0.8.10 <0.9.0",
      "resolved": "https://registry.npmjs.org/zone.js/-/zone.js-0.8.10.tgz"
    }
  }
}
